// !$*UTF8*$!
{
	archiveVersion = 1;
	classes = {
	};
	objectVersion = 55;
	objects = {

/* Begin PBXBuildFile section */
		3EBF1DC6DBE4D2976EEF04FD /* Pods_JHDemo.framework in Frameworks */ = {isa = PBXBuildFile; fileRef = 1F9662E367D1F7565FCF7960 /* Pods_JHDemo.framework */; };
		8F742E8A288A78CF00597B7D /* LoginViewController.m in Sources */ = {isa = PBXBuildFile; fileRef = 8F742E88288A78CF00597B7D /* LoginViewController.m */; };
		8F742E93288A7DB500597B7D /* MineViewController.m in Sources */ = {isa = PBXBuildFile; fileRef = 8F742E92288A7DB500597B7D /* MineViewController.m */; };
		8FE32BE528853427005735EA /* AppDelegate.m in Sources */ = {isa = PBXBuildFile; fileRef = 8FE32BE428853427005735EA /* AppDelegate.m */; };
		8FE32BEE28853427005735EA /* Main.storyboard in Resources */ = {isa = PBXBuildFile; fileRef = 8FE32BEC28853427005735EA /* Main.storyboard */; };
		8FE32BF02885342B005735EA /* Assets.xcassets in Resources */ = {isa = PBXBuildFile; fileRef = 8FE32BEF2885342B005735EA /* Assets.xcassets */; };
		8FE32BF32885342B005735EA /* LaunchScreen.storyboard in Resources */ = {isa = PBXBuildFile; fileRef = 8FE32BF12885342B005735EA /* LaunchScreen.storyboard */; };
		8FE32BF62885342B005735EA /* main.m in Sources */ = {isa = PBXBuildFile; fileRef = 8FE32BF52885342B005735EA /* main.m */; };
		8FE32BFE2885412E005735EA /* WelcomeViewController.m in Sources */ = {isa = PBXBuildFile; fileRef = 8FE32BFD2885412E005735EA /* WelcomeViewController.m */; };
/* End PBXBuildFile section */

/* Begin PBXFileReference section */
		119F6AFB894879394FF5D726 /* Pods-JHDemo.debug.xcconfig */ = {isa = PBXFileReference; includeInIndex = 1; lastKnownFileType = text.xcconfig; name = "Pods-JHDemo.debug.xcconfig"; path = "Target Support Files/Pods-JHDemo/Pods-JHDemo.debug.xcconfig"; sourceTree = "<group>"; };
		1F9662E367D1F7565FCF7960 /* Pods_JHDemo.framework */ = {isa = PBXFileReference; explicitFileType = wrapper.framework; includeInIndex = 0; path = Pods_JHDemo.framework; sourceTree = BUILT_PRODUCTS_DIR; };
		8F742E88288A78CF00597B7D /* LoginViewController.m */ = {isa = PBXFileReference; fileEncoding = 4; lastKnownFileType = sourcecode.c.objc; path = LoginViewController.m; sourceTree = "<group>"; };
		8F742E89288A78CF00597B7D /* LoginViewController.h */ = {isa = PBXFileReference; fileEncoding = 4; lastKnownFileType = sourcecode.c.h; path = LoginViewController.h; sourceTree = "<group>"; };
		8F742E91288A7DB500597B7D /* MineViewController.h */ = {isa = PBXFileReference; lastKnownFileType = sourcecode.c.h; path = MineViewController.h; sourceTree = "<group>"; };
		8F742E92288A7DB500597B7D /* MineViewController.m */ = {isa = PBXFileReference; lastKnownFileType = sourcecode.c.objc; path = MineViewController.m; sourceTree = "<group>"; };
		8FE32BE028853427005735EA /* JHDemo.app */ = {isa = PBXFileReference; explicitFileType = wrapper.application; includeInIndex = 0; path = JHDemo.app; sourceTree = BUILT_PRODUCTS_DIR; };
		8FE32BE328853427005735EA /* AppDelegate.h */ = {isa = PBXFileReference; lastKnownFileType = sourcecode.c.h; path = AppDelegate.h; sourceTree = "<group>"; };
		8FE32BE428853427005735EA /* AppDelegate.m */ = {isa = PBXFileReference; lastKnownFileType = sourcecode.c.objc; path = AppDelegate.m; sourceTree = "<group>"; };
		8FE32BED28853427005735EA /* Base */ = {isa = PBXFileReference; lastKnownFileType = file.storyboard; name = Base; path = Base.lproj/Main.storyboard; sourceTree = "<group>"; };
		8FE32BEF2885342B005735EA /* Assets.xcassets */ = {isa = PBXFileReference; lastKnownFileType = folder.assetcatalog; path = Assets.xcassets; sourceTree = "<group>"; };
		8FE32BF22885342B005735EA /* Base */ = {isa = PBXFileReference; lastKnownFileType = file.storyboard; name = Base; path = Base.lproj/LaunchScreen.storyboard; sourceTree = "<group>"; };
		8FE32BF42885342B005735EA /* Info.plist */ = {isa = PBXFileReference; lastKnownFileType = text.plist.xml; path = Info.plist; sourceTree = "<group>"; };
		8FE32BF52885342B005735EA /* main.m */ = {isa = PBXFileReference; lastKnownFileType = sourcecode.c.objc; path = main.m; sourceTree = "<group>"; };
		8FE32BFC2885412E005735EA /* WelcomeViewController.h */ = {isa = PBXFileReference; lastKnownFileType = sourcecode.c.h; path = WelcomeViewController.h; sourceTree = "<group>"; };
		8FE32BFD2885412E005735EA /* WelcomeViewController.m */ = {isa = PBXFileReference; lastKnownFileType = sourcecode.c.objc; path = WelcomeViewController.m; sourceTree = "<group>"; };
		9F35ECE05F8824144502C174 /* Pods-JHDemo.release.xcconfig */ = {isa = PBXFileReference; includeInIndex = 1; lastKnownFileType = text.xcconfig; name = "Pods-JHDemo.release.xcconfig"; path = "Target Support Files/Pods-JHDemo/Pods-JHDemo.release.xcconfig"; sourceTree = "<group>"; };
/* End PBXFileReference section */

/* Begin PBXFrameworksBuildPhase section */
		8FE32BDD28853427005735EA /* Frameworks */ = {
			isa = PBXFrameworksBuildPhase;
			buildActionMask = 2147483647;
			files = (
				3EBF1DC6DBE4D2976EEF04FD /* Pods_JHDemo.framework in Frameworks */,
			);
			runOnlyForDeploymentPostprocessing = 0;
		};
/* End PBXFrameworksBuildPhase section */

/* Begin PBXGroup section */
		361589149F71AFC737E907B2 /* Frameworks */ = {
			isa = PBXGroup;
			children = (
				1F9662E367D1F7565FCF7960 /* Pods_JHDemo.framework */,
			);
			name = Frameworks;
			sourceTree = "<group>";
		};
		8F742E86288A78C600597B7D /* MIne */ = {
			isa = PBXGroup;
			children = (
			);
			path = MIne;
			sourceTree = "<group>";
		};
		8F742E87288A78CF00597B7D /* Login */ = {
			isa = PBXGroup;
			children = (
				8F742E89288A78CF00597B7D /* LoginViewController.h */,
				8F742E88288A78CF00597B7D /* LoginViewController.m */,
			);
			path = Login;
			sourceTree = "<group>";
		};
		8F742E8F288A79EE00597B7D /* Home */ = {
			isa = PBXGroup;
			children = (
			);
			path = Home;
			sourceTree = "<group>";
		};
		8F742E90288A79EE00597B7D /* Mine */ = {
			isa = PBXGroup;
			children = (
				8F742E91288A7DB500597B7D /* MineViewController.h */,
				8F742E92288A7DB500597B7D /* MineViewController.m */,
			);
			path = Mine;
			sourceTree = "<group>";
		};
		8FE32BD728853427005735EA = {
			isa = PBXGroup;
			children = (
				8FE32BE228853427005735EA /* JHDemo */,
				8FE32BE128853427005735EA /* Products */,
				D4A2A5703C82CFBAA58E27F3 /* Pods */,
				361589149F71AFC737E907B2 /* Frameworks */,
			);
			sourceTree = "<group>";
		};
		8FE32BE128853427005735EA /* Products */ = {
			isa = PBXGroup;
			children = (
				8FE32BE028853427005735EA /* JHDemo.app */,
			);
			name = Products;
			sourceTree = "<group>";
		};
		8FE32BE228853427005735EA /* JHDemo */ = {
			isa = PBXGroup;
			children = (
				8F742E8F288A79EE00597B7D /* Home */,
				8F742E90288A79EE00597B7D /* Mine */,
				8F742E87288A78CF00597B7D /* Login */,
				8F742E86288A78C600597B7D /* MIne */,
				8FE32BE328853427005735EA /* AppDelegate.h */,
				8FE32BE428853427005735EA /* AppDelegate.m */,
				8FE32BFC2885412E005735EA /* WelcomeViewController.h */,
				8FE32BFD2885412E005735EA /* WelcomeViewController.m */,
				8FE32BEC28853427005735EA /* Main.storyboard */,
				8FE32BEF2885342B005735EA /* Assets.xcassets */,
				8FE32BF12885342B005735EA /* LaunchScreen.storyboard */,
				8FE32BF42885342B005735EA /* Info.plist */,
				8FE32BF52885342B005735EA /* main.m */,
			);
			path = JHDemo;
			sourceTree = "<group>";
		};
		D4A2A5703C82CFBAA58E27F3 /* Pods */ = {
			isa = PBXGroup;
			children = (
				119F6AFB894879394FF5D726 /* Pods-JHDemo.debug.xcconfig */,
				9F35ECE05F8824144502C174 /* Pods-JHDemo.release.xcconfig */,
			);
			path = Pods;
			sourceTree = "<group>";
		};
/* End PBXGroup section */

/* Begin PBXNativeTarget section */
		8FE32BDF28853427005735EA /* JHDemo */ = {
			isa = PBXNativeTarget;
			buildConfigurationList = 8FE32BF92885342B005735EA /* Build configuration list for PBXNativeTarget "JHDemo" */;
			buildPhases = (
				D6BAB9F3EC3DBFC70194FA13 /* [CP] Check Pods Manifest.lock */,
				8FE32BDC28853427005735EA /* Sources */,
				8FE32BDD28853427005735EA /* Frameworks */,
				8FE32BDE28853427005735EA /* Resources */,
				3C944096F9A603BF9594CB80 /* [CP] Embed Pods Frameworks */,
			);
			buildRules = (
			);
			dependencies = (
			);
			name = JHDemo;
			productName = JHDemo;
			productReference = 8FE32BE028853427005735EA /* JHDemo.app */;
			productType = "com.apple.product-type.application";
		};
/* End PBXNativeTarget section */

/* Begin PBXProject section */
		8FE32BD828853427005735EA /* Project object */ = {
			isa = PBXProject;
			attributes = {
				BuildIndependentTargetsInParallel = 1;
				LastUpgradeCheck = 1310;
				TargetAttributes = {
					8FE32BDF28853427005735EA = {
						CreatedOnToolsVersion = 13.1;
					};
				};
			};
			buildConfigurationList = 8FE32BDB28853427005735EA /* Build configuration list for PBXProject "JHDemo" */;
			compatibilityVersion = "Xcode 13.0";
			developmentRegion = en;
			hasScannedForEncodings = 0;
			knownRegions = (
				en,
				Base,
			);
			mainGroup = 8FE32BD728853427005735EA;
			productRefGroup = 8FE32BE128853427005735EA /* Products */;
			projectDirPath = "";
			projectRoot = "";
			targets = (
				8FE32BDF28853427005735EA /* JHDemo */,
			);
		};
/* End PBXProject section */

/* Begin PBXResourcesBuildPhase section */
		8FE32BDE28853427005735EA /* Resources */ = {
			isa = PBXResourcesBuildPhase;
			buildActionMask = 2147483647;
			files = (
				8FE32BF32885342B005735EA /* LaunchScreen.storyboard in Resources */,
				8FE32BF02885342B005735EA /* Assets.xcassets in Resources */,
				8FE32BEE28853427005735EA /* Main.storyboard in Resources */,
			);
			runOnlyForDeploymentPostprocessing = 0;
		};
/* End PBXResourcesBuildPhase section */

/* Begin PBXShellScriptBuildPhase section */
		3C944096F9A603BF9594CB80 /* [CP] Embed Pods Frameworks */ = {
			isa = PBXShellScriptBuildPhase;
			buildActionMask = 2147483647;
			files = (
			);
			inputFileListPaths = (
				"${PODS_ROOT}/Target Support Files/Pods-JHDemo/Pods-JHDemo-frameworks-${CONFIGURATION}-input-files.xcfilelist",
			);
			name = "[CP] Embed Pods Frameworks";
			outputFileListPaths = (
				"${PODS_ROOT}/Target Support Files/Pods-JHDemo/Pods-JHDemo-frameworks-${CONFIGURATION}-output-files.xcfilelist",
			);
			runOnlyForDeploymentPostprocessing = 0;
			shellPath = /bin/sh;
			shellScript = "\"${PODS_ROOT}/Target Support Files/Pods-JHDemo/Pods-JHDemo-frameworks.sh\"\n";
			showEnvVarsInLog = 0;
		};
		D6BAB9F3EC3DBFC70194FA13 /* [CP] Check Pods Manifest.lock */ = {
			isa = PBXShellScriptBuildPhase;
			buildActionMask = 2147483647;
			files = (
			);
			inputFileListPaths = (
			);
			inputPaths = (
				"${PODS_PODFILE_DIR_PATH}/Podfile.lock",
				"${PODS_ROOT}/Manifest.lock",
			);
			name = "[CP] Check Pods Manifest.lock";
			outputFileListPaths = (
			);
			outputPaths = (
				"$(DERIVED_FILE_DIR)/Pods-JHDemo-checkManifestLockResult.txt",
			);
			runOnlyForDeploymentPostprocessing = 0;
			shellPath = /bin/sh;
			shellScript = "diff \"${PODS_PODFILE_DIR_PATH}/Podfile.lock\" \"${PODS_ROOT}/Manifest.lock\" > /dev/null\nif [ $? != 0 ] ; then\n    # print error to STDERR\n    echo \"error: The sandbox is not in sync with the Podfile.lock. Run 'pod install' or update your CocoaPods installation.\" >&2\n    exit 1\nfi\n# This output is used by Xcode 'outputs' to avoid re-running this script phase.\necho \"SUCCESS\" > \"${SCRIPT_OUTPUT_FILE_0}\"\n";
			showEnvVarsInLog = 0;
		};
/* End PBXShellScriptBuildPhase section */

/* Begin PBXSourcesBuildPhase section */
		8FE32BDC28853427005735EA /* Sources */ = {
			isa = PBXSourcesBuildPhase;
			buildActionMask = 2147483647;
			files = (
				8F742E8A288A78CF00597B7D /* LoginViewController.m in Sources */,
				8FE32BE528853427005735EA /* AppDelegate.m in Sources */,
				8F742E93288A7DB500597B7D /* MineViewController.m in Sources */,
				8FE32BF62885342B005735EA /* main.m in Sources */,
				8FE32BFE2885412E005735EA /* WelcomeViewController.m in Sources */,
			);
			runOnlyForDeploymentPostprocessing = 0;
		};
/* End PBXSourcesBuildPhase section */

/* Begin PBXVariantGroup section */
		8FE32BEC28853427005735EA /* Main.storyboard */ = {
			isa = PBXVariantGroup;
			children = (
				8FE32BED28853427005735EA /* Base */,
			);
			name = Main.storyboard;
			sourceTree = "<group>";
		};
		8FE32BF12885342B005735EA /* LaunchScreen.storyboard */ = {
			isa = PBXVariantGroup;
			children = (
				8FE32BF22885342B005735EA /* Base */,
			);
			name = LaunchScreen.storyboard;
			sourceTree = "<group>";
		};
/* End PBXVariantGroup section */

/* Begin XCBuildConfiguration section */
		8FE32BF72885342B005735EA /* Debug */ = {
			isa = XCBuildConfiguration;
			buildSettings = {
				ALWAYS_SEARCH_USER_PATHS = NO;
				CLANG_ANALYZER_NONNULL = YES;
				CLANG_ANALYZER_NUMBER_OBJECT_CONVERSION = YES_AGGRESSIVE;
				CLANG_CXX_LANGUAGE_STANDARD = "gnu++17";
				CLANG_CXX_LIBRARY = "libc++";
				CLANG_ENABLE_MODULES = YES;
				CLANG_ENABLE_OBJC_ARC = YES;
				CLANG_ENABLE_OBJC_WEAK = YES;
				CLANG_WARN_BLOCK_CAPTURE_AUTORELEASING = YES;
				CLANG_WARN_BOOL_CONVERSION = YES;
				CLANG_WARN_COMMA = YES;
				CLANG_WARN_CONSTANT_CONVERSION = YES;
				CLANG_WARN_DEPRECATED_OBJC_IMPLEMENTATIONS = YES;
				CLANG_WARN_DIRECT_OBJC_ISA_USAGE = YES_ERROR;
				CLANG_WARN_DOCUMENTATION_COMMENTS = YES;
				CLANG_WARN_EMPTY_BODY = YES;
				CLANG_WARN_ENUM_CONVERSION = YES;
				CLANG_WARN_INFINITE_RECURSION = YES;
				CLANG_WARN_INT_CONVERSION = YES;
				CLANG_WARN_NON_LITERAL_NULL_CONVERSION = YES;
				CLANG_WARN_OBJC_IMPLICIT_RETAIN_SELF = YES;
				CLANG_WARN_OBJC_LITERAL_CONVERSION = YES;
				CLANG_WARN_OBJC_ROOT_CLASS = YES_ERROR;
				CLANG_WARN_QUOTED_INCLUDE_IN_FRAMEWORK_HEADER = YES;
				CLANG_WARN_RANGE_LOOP_ANALYSIS = YES;
				CLANG_WARN_STRICT_PROTOTYPES = YES;
				CLANG_WARN_SUSPICIOUS_MOVE = YES;
				CLANG_WARN_UNGUARDED_AVAILABILITY = YES_AGGRESSIVE;
				CLANG_WARN_UNREACHABLE_CODE = YES;
				CLANG_WARN__DUPLICATE_METHOD_MATCH = YES;
				COPY_PHASE_STRIP = NO;
				DEBUG_INFORMATION_FORMAT = dwarf;
				ENABLE_STRICT_OBJC_MSGSEND = YES;
				ENABLE_TESTABILITY = YES;
				GCC_C_LANGUAGE_STANDARD = gnu11;
				GCC_DYNAMIC_NO_PIC = NO;
				GCC_NO_COMMON_BLOCKS = YES;
				GCC_OPTIMIZATION_LEVEL = 0;
				GCC_PREPROCESSOR_DEFINITIONS = (
					"DEBUG=1",
					"$(inherited)",
				);
				GCC_WARN_64_TO_32_BIT_CONVERSION = YES;
				GCC_WARN_ABOUT_RETURN_TYPE = YES_ERROR;
				GCC_WARN_UNDECLARED_SELECTOR = YES;
				GCC_WARN_UNINITIALIZED_AUTOS = YES_AGGRESSIVE;
				GCC_WARN_UNUSED_FUNCTION = YES;
				GCC_WARN_UNUSED_VARIABLE = YES;
				IPHONEOS_DEPLOYMENT_TARGET = 15.0;
				MTL_ENABLE_DEBUG_INFO = INCLUDE_SOURCE;
				MTL_FAST_MATH = YES;
				ONLY_ACTIVE_ARCH = YES;
				SDKROOT = iphoneos;
			};
			name = Debug;
		};
		8FE32BF82885342B005735EA /* Release */ = {
			isa = XCBuildConfiguration;
			buildSettings = {
				ALWAYS_SEARCH_USER_PATHS = NO;
				CLANG_ANALYZER_NONNULL = YES;
				CLANG_ANALYZER_NUMBER_OBJECT_CONVERSION = YES_AGGRESSIVE;
				CLANG_CXX_LANGUAGE_STANDARD = "gnu++17";
				CLANG_CXX_LIBRARY = "libc++";
				CLANG_ENABLE_MODULES = YES;
				CLANG_ENABLE_OBJC_ARC = YES;
				CLANG_ENABLE_OBJC_WEAK = YES;
				CLANG_WARN_BLOCK_CAPTURE_AUTORELEASING = YES;
				CLANG_WARN_BOOL_CONVERSION = YES;
				CLANG_WARN_COMMA = YES;
				CLANG_WARN_CONSTANT_CONVERSION = YES;
				CLANG_WARN_DEPRECATED_OBJC_IMPLEMENTATIONS = YES;
				CLANG_WARN_DIRECT_OBJC_ISA_USAGE = YES_ERROR;
				CLANG_WARN_DOCUMENTATION_COMMENTS = YES;
				CLANG_WARN_EMPTY_BODY = YES;
				CLANG_WARN_ENUM_CONVERSION = YES;
				CLANG_WARN_INFINITE_RECURSION = YES;
				CLANG_WARN_INT_CONVERSION = YES;
				CLANG_WARN_NON_LITERAL_NULL_CONVERSION = YES;
				CLANG_WARN_OBJC_IMPLICIT_RETAIN_SELF = YES;
				CLANG_WARN_OBJC_LITERAL_CONVERSION = YES;
				CLANG_WARN_OBJC_ROOT_CLASS = YES_ERROR;
				CLANG_WARN_QUOTED_INCLUDE_IN_FRAMEWORK_HEADER = YES;
				CLANG_WARN_RANGE_LOOP_ANALYSIS = YES;
				CLANG_WARN_STRICT_PROTOTYPES = YES;
				CLANG_WARN_SUSPICIOUS_MOVE = YES;
				CLANG_WARN_UNGUARDED_AVAILABILITY = YES_AGGRESSIVE;
				CLANG_WARN_UNREACHABLE_CODE = YES;
				CLANG_WARN__DUPLICATE_METHOD_MATCH = YES;
				COPY_PHASE_STRIP = NO;
				DEBUG_INFORMATION_FORMAT = "dwarf-with-dsym";
				ENABLE_NS_ASSERTIONS = NO;
				ENABLE_STRICT_OBJC_MSGSEND = YES;
				GCC_C_LANGUAGE_STANDARD = gnu11;
				GCC_NO_COMMON_BLOCKS = YES;
				GCC_WARN_64_TO_32_BIT_CONVERSION = YES;
				GCC_WARN_ABOUT_RETURN_TYPE = YES_ERROR;
				GCC_WARN_UNDECLARED_SELECTOR = YES;
				GCC_WARN_UNINITIALIZED_AUTOS = YES_AGGRESSIVE;
				GCC_WARN_UNUSED_FUNCTION = YES;
				GCC_WARN_UNUSED_VARIABLE = YES;
				IPHONEOS_DEPLOYMENT_TARGET = 15.0;
				MTL_ENABLE_DEBUG_INFO = NO;
				MTL_FAST_MATH = YES;
				SDKROOT = iphoneos;
				VALIDATE_PRODUCT = YES;
			};
			name = Release;
		};
		8FE32BFA2885342B005735EA /* Debug */ = {
			isa = XCBuildConfiguration;
			baseConfigurationReference = 119F6AFB894879394FF5D726 /* Pods-JHDemo.debug.xcconfig */;
			buildSettings = {
				ASSETCATALOG_COMPILER_APPICON_NAME = AppIcon;
				ASSETCATALOG_COMPILER_GLOBAL_ACCENT_COLOR_NAME = AccentColor;
				CODE_SIGN_IDENTITY = "iPhone Distribution";
				CODE_SIGN_STYLE = Manual;
				CURRENT_PROJECT_VERSION = 1;
				DEVELOPMENT_TEAM = VW4HM9QZFV;
				GENERATE_INFOPLIST_FILE = YES;
				INFOPLIST_FILE = JHDemo/Info.plist;
				INFOPLIST_KEY_CFBundleDisplayName = "智慧园区";
				INFOPLIST_KEY_UIApplicationSupportsIndirectInputEvents = YES;
				INFOPLIST_KEY_UILaunchStoryboardName = LaunchScreen;
				INFOPLIST_KEY_UIMainStoryboardFile = Main;
				INFOPLIST_KEY_UISupportedInterfaceOrientations_iPad = "UIInterfaceOrientationPortrait UIInterfaceOrientationPortraitUpsideDown UIInterfaceOrientationLandscapeLeft UIInterfaceOrientationLandscapeRight";
				INFOPLIST_KEY_UISupportedInterfaceOrientations_iPhone = "UIInterfaceOrientationPortrait UIInterfaceOrientationLandscapeLeft UIInterfaceOrientationLandscapeRight";
				IPHONEOS_DEPLOYMENT_TARGET = 9.0;
				LD_RUNPATH_SEARCH_PATHS = (
					"$(inherited)",
					"@executable_path/Frameworks",
				);
				MARKETING_VERSION = 1.0;
				PRODUCT_BUNDLE_IDENTIFIER = www.eastsoft.com.cn;
				PRODUCT_NAME = "$(TARGET_NAME)";
				PROVISIONING_PROFILE_SPECIFIER = ESTest_AppStore;
				SWIFT_EMIT_LOC_STRINGS = YES;
				TARGETED_DEVICE_FAMILY = "1,2";
			};
			name = Debug;
		};
		8FE32BFB2885342B005735EA /* Release */ = {
			isa = XCBuildConfiguration;
			baseConfigurationReference = 9F35ECE05F8824144502C174 /* Pods-JHDemo.release.xcconfig */;
			buildSettings = {
				ASSETCATALOG_COMPILER_APPICON_NAME = AppIcon;
				ASSETCATALOG_COMPILER_GLOBAL_ACCENT_COLOR_NAME = AccentColor;
				CODE_SIGN_IDENTITY = "iPhone Developer";
				CODE_SIGN_STYLE = Manual;
				CURRENT_PROJECT_VERSION = 1;
				DEVELOPMENT_TEAM = VW4HM9QZFV;
				GENERATE_INFOPLIST_FILE = YES;
				INFOPLIST_FILE = JHDemo/Info.plist;
				INFOPLIST_KEY_CFBundleDisplayName = "智慧园区";
				INFOPLIST_KEY_UIApplicationSupportsIndirectInputEvents = YES;
				INFOPLIST_KEY_UILaunchStoryboardName = LaunchScreen;
				INFOPLIST_KEY_UIMainStoryboardFile = Main;
				INFOPLIST_KEY_UISupportedInterfaceOrientations_iPad = "UIInterfaceOrientationPortrait UIInterfaceOrientationPortraitUpsideDown UIInterfaceOrientationLandscapeLeft UIInterfaceOrientationLandscapeRight";
				INFOPLIST_KEY_UISupportedInterfaceOrientations_iPhone = "UIInterfaceOrientationPortrait UIInterfaceOrientationLandscapeLeft UIInterfaceOrientationLandscapeRight";
				IPHONEOS_DEPLOYMENT_TARGET = 9.0;
				LD_RUNPATH_SEARCH_PATHS = (
					"$(inherited)",
					"@executable_path/Frameworks",
				);
				MARKETING_VERSION = 1.0;
				PRODUCT_BUNDLE_IDENTIFIER = www.eastsoft.com.cn;
				PRODUCT_NAME = "$(TARGET_NAME)";
				PROVISIONING_PROFILE_SPECIFIER = ESTest_dev;
				SWIFT_EMIT_LOC_STRINGS = YES;
				TARGETED_DEVICE_FAMILY = "1,2";
			};
			name = Release;
		};
/* End XCBuildConfiguration section */

/* Begin XCConfigurationList section */
		8FE32BDB28853427005735EA /* Build configuration list for PBXProject "JHDemo" */ = {
			isa = XCConfigurationList;
			buildConfigurations = (
				8FE32BF72885342B005735EA /* Debug */,
				8FE32BF82885342B005735EA /* Release */,
			);
			defaultConfigurationIsVisible = 0;
			defaultConfigurationName = Release;
		};
		8FE32BF92885342B005735EA /* Build configuration list for PBXNativeTarget "JHDemo" */ = {
			isa = XCConfigurationList;
			buildConfigurations = (
				8FE32BFA2885342B005735EA /* Debug */,
				8FE32BFB2885342B005735EA /* Release */,
			);
			defaultConfigurationIsVisible = 0;
			defaultConfigurationName = Release;
		};
/* End XCConfigurationList section */
	};
	rootObject = 8FE32BD828853427005735EA /* Project object */;
}
